<?xml version="1.0" encoding="utf-8"?>
<Project ToolsVersion="4.0" xmlns="http://schemas.microsoft.com/developer/msbuild/2003">
  <ItemGroup>
    <ClInclude Include="Header\Board.h" />
    <ClInclude Include="Header\Game.h" />
    <ClInclude Include="Header\Player.h" />
    <ClInclude Include="Header\Filestream.h" />
  </ItemGroup>
  <ItemGroup>
    <ClCompile Include="Source\Board.cpp" />
    <ClCompile Include="Source\Player.cpp" />
    <ClCompile Include="Source\Game.cpp" />
    <ClCompile Include="Main.cpp" />
    <ClCompile Include="Source\Filestream.cpp" />
  </ItemGroup>
  <ItemGroup>
    <Text Include="Player.txt" />
    <Text Include="Board.txt" />
  </ItemGroup>
</Project>